// !$*UTF8*$!
{
	archiveVersion = 1;
	classes = {
	};
	objectVersion = 50;
	objects = {

/* Begin PBXBuildFile section */
		E152720E21D04D6F00EC9FB4 /* AppDelegate.swift in Sources */ = {isa = PBXBuildFile; fileRef = E152720D21D04D6F00EC9FB4 /* AppDelegate.swift */; };
		E152721021D04D6F00EC9FB4 /* ViewController.swift in Sources */ = {isa = PBXBuildFile; fileRef = E152720F21D04D6F00EC9FB4 /* ViewController.swift */; };
		E152721321D04D6F00EC9FB4 /* Main.storyboard in Resources */ = {isa = PBXBuildFile; fileRef = E152721121D04D6F00EC9FB4 /* Main.storyboard */; };
		E152721521D04D7000EC9FB4 /* Assets.xcassets in Resources */ = {isa = PBXBuildFile; fileRef = E152721421D04D7000EC9FB4 /* Assets.xcassets */; };
		E152721821D04D7000EC9FB4 /* LaunchScreen.storyboard in Resources */ = {isa = PBXBuildFile; fileRef = E152721621D04D7000EC9FB4 /* LaunchScreen.storyboard */; };
		E152722321D04D7000EC9FB4 /* test2Tests.swift in Sources */ = {isa = PBXBuildFile; fileRef = E152722221D04D7000EC9FB4 /* test2Tests.swift */; };
		E152722E21D04D7000EC9FB4 /* test2UITests.swift in Sources */ = {isa = PBXBuildFile; fileRef = E152722D21D04D7000EC9FB4 /* test2UITests.swift */; };
		E152723D21D055AB00EC9FB4 /* MapKit.framework in Frameworks */ = {isa = PBXBuildFile; fileRef = E152723C21D055AB00EC9FB4 /* MapKit.framework */; };
		E165C95E21E1AD7300B40E23 /* AVFoundation.framework in Frameworks */ = {isa = PBXBuildFile; fileRef = E165C95D21E1AD7300B40E23 /* AVFoundation.framework */; };
/* End PBXBuildFile section */

/* Begin PBXContainerItemProxy section */
		E152721F21D04D7000EC9FB4 /* PBXContainerItemProxy */ = {
			isa = PBXContainerItemProxy;
			containerPortal = E152720221D04D6E00EC9FB4 /* Project object */;
			proxyType = 1;
			remoteGlobalIDString = E152720921D04D6E00EC9FB4;
			remoteInfo = test2;
		};
		E152722A21D04D7000EC9FB4 /* PBXContainerItemProxy */ = {
			isa = PBXContainerItemProxy;
			containerPortal = E152720221D04D6E00EC9FB4 /* Project object */;
			proxyType = 1;
			remoteGlobalIDString = E152720921D04D6E00EC9FB4;
			remoteInfo = test2;
		};
/* End PBXContainerItemProxy section */

/* Begin PBXFileReference section */
		E152720A21D04D6E00EC9FB4 /* test2.app */ = {isa = PBXFileReference; explicitFileType = wrapper.application; includeInIndex = 0; path = test2.app; sourceTree = BUILT_PRODUCTS_DIR; };
		E152720D21D04D6F00EC9FB4 /* AppDelegate.swift */ = {isa = PBXFileReference; lastKnownFileType = sourcecode.swift; path = AppDelegate.swift; sourceTree = "<group>"; };
		E152720F21D04D6F00EC9FB4 /* ViewController.swift */ = {isa = PBXFileReference; lastKnownFileType = sourcecode.swift; path = ViewController.swift; sourceTree = "<group>"; };
		E152721221D04D6F00EC9FB4 /* Base */ = {isa = PBXFileReference; lastKnownFileType = file.storyboard; name = Base; path = Base.lproj/Main.storyboard; sourceTree = "<group>"; };
		E152721421D04D7000EC9FB4 /* Assets.xcassets */ = {isa = PBXFileReference; lastKnownFileType = folder.assetcatalog; path = Assets.xcassets; sourceTree = "<group>"; };
		E152721721D04D7000EC9FB4 /* Base */ = {isa = PBXFileReference; lastKnownFileType = file.storyboard; name = Base; path = Base.lproj/LaunchScreen.storyboard; sourceTree = "<group>"; };
		E152721921D04D7000EC9FB4 /* Info.plist */ = {isa = PBXFileReference; lastKnownFileType = text.plist.xml; path = Info.plist; sourceTree = "<group>"; };
		E152721E21D04D7000EC9FB4 /* test2Tests.xctest */ = {isa = PBXFileReference; explicitFileType = wrapper.cfbundle; includeInIndex = 0; path = test2Tests.xctest; sourceTree = BUILT_PRODUCTS_DIR; };
		E152722221D04D7000EC9FB4 /* test2Tests.swift */ = {isa = PBXFileReference; lastKnownFileType = sourcecode.swift; path = test2Tests.swift; sourceTree = "<group>"; };
		E152722421D04D7000EC9FB4 /* Info.plist */ = {isa = PBXFileReference; lastKnownFileType = text.plist.xml; path = Info.plist; sourceTree = "<group>"; };
		E152722921D04D7000EC9FB4 /* test2UITests.xctest */ = {isa = PBXFileReference; explicitFileType = wrapper.cfbundle; includeInIndex = 0; path = test2UITests.xctest; sourceTree = BUILT_PRODUCTS_DIR; };
		E152722D21D04D7000EC9FB4 /* test2UITests.swift */ = {isa = PBXFileReference; lastKnownFileType = sourcecode.swift; path = test2UITests.swift; sourceTree = "<group>"; };
		E152722F21D04D7000EC9FB4 /* Info.plist */ = {isa = PBXFileReference; lastKnownFileType = text.plist.xml; path = Info.plist; sourceTree = "<group>"; };
		E152723C21D055AB00EC9FB4 /* MapKit.framework */ = {isa = PBXFileReference; lastKnownFileType = wrapper.framework; name = MapKit.framework; path = System/Library/Frameworks/MapKit.framework; sourceTree = SDKROOT; };
		E165C95D21E1AD7300B40E23 /* AVFoundation.framework */ = {isa = PBXFileReference; lastKnownFileType = wrapper.framework; name = AVFoundation.framework; path = System/Library/Frameworks/AVFoundation.framework; sourceTree = SDKROOT; };
		E165C96221E1AF8900B40E23 /* urspyAudio1.wav */ = {isa = PBXFileReference; lastKnownFileType = audio.wav; path = urspyAudio1.wav; sourceTree = "<group>"; };
/* End PBXFileReference section */

/* Begin PBXFrameworksBuildPhase section */
		E152720721D04D6E00EC9FB4 /* Frameworks */ = {
			isa = PBXFrameworksBuildPhase;
			buildActionMask = 2147483647;
			files = (
				E165C95E21E1AD7300B40E23 /* AVFoundation.framework in Frameworks */,
				E152723D21D055AB00EC9FB4 /* MapKit.framework in Frameworks */,
			);
			runOnlyForDeploymentPostprocessing = 0;
		};
		E152721B21D04D7000EC9FB4 /* Frameworks */ = {
			isa = PBXFrameworksBuildPhase;
			buildActionMask = 2147483647;
			files = (
			);
			runOnlyForDeploymentPostprocessing = 0;
		};
		E152722621D04D7000EC9FB4 /* Frameworks */ = {
			isa = PBXFrameworksBuildPhase;
			buildActionMask = 2147483647;
			files = (
			);
			runOnlyForDeploymentPostprocessing = 0;
		};
/* End PBXFrameworksBuildPhase section */

/* Begin PBXGroup section */
		E152720121D04D6E00EC9FB4 = {
			isa = PBXGroup;
			children = (
				E152720C21D04D6E00EC9FB4 /* test2 */,
				E152722121D04D7000EC9FB4 /* test2Tests */,
				E152722C21D04D7000EC9FB4 /* test2UITests */,
				E152720B21D04D6E00EC9FB4 /* Products */,
				E152723B21D055AB00EC9FB4 /* Frameworks */,
			);
			sourceTree = "<group>";
		};
		E152720B21D04D6E00EC9FB4 /* Products */ = {
			isa = PBXGroup;
			children = (
				E152720A21D04D6E00EC9FB4 /* test2.app */,
				E152721E21D04D7000EC9FB4 /* test2Tests.xctest */,
				E152722921D04D7000EC9FB4 /* test2UITests.xctest */,
			);
			name = Products;
			sourceTree = "<group>";
		};
		E152720C21D04D6E00EC9FB4 /* test2 */ = {
			isa = PBXGroup;
			children = (
				E152720D21D04D6F00EC9FB4 /* AppDelegate.swift */,
				E152720F21D04D6F00EC9FB4 /* ViewController.swift */,
				E152721121D04D6F00EC9FB4 /* Main.storyboard */,
				E152721421D04D7000EC9FB4 /* Assets.xcassets */,
				E165C96221E1AF8900B40E23 /* urspyAudio1.wav */,
				E165C96121E1AF7E00B40E23 /* Sounds */,
				E152721621D04D7000EC9FB4 /* LaunchScreen.storyboard */,
				E152721921D04D7000EC9FB4 /* Info.plist */,
			);
			path = test2;
			sourceTree = "<group>";
		};
		E152722121D04D7000EC9FB4 /* test2Tests */ = {
			isa = PBXGroup;
			children = (
				E152722221D04D7000EC9FB4 /* test2Tests.swift */,
				E152722421D04D7000EC9FB4 /* Info.plist */,
			);
			path = test2Tests;
			sourceTree = "<group>";
		};
		E152722C21D04D7000EC9FB4 /* test2UITests */ = {
			isa = PBXGroup;
			children = (
				E152722D21D04D7000EC9FB4 /* test2UITests.swift */,
				E152722F21D04D7000EC9FB4 /* Info.plist */,
			);
			path = test2UITests;
			sourceTree = "<group>";
		};
		E152723B21D055AB00EC9FB4 /* Frameworks */ = {
			isa = PBXGroup;
			children = (
				E165C95D21E1AD7300B40E23 /* AVFoundation.framework */,
				E152723C21D055AB00EC9FB4 /* MapKit.framework */,
			);
			name = Frameworks;
			sourceTree = "<group>";
		};
		E165C96121E1AF7E00B40E23 /* Sounds */ = {
			isa = PBXGroup;
			children = (
			);
			path = Sounds;
			sourceTree = "<group>";
		};
/* End PBXGroup section */

/* Begin PBXNativeTarget section */
		E152720921D04D6E00EC9FB4 /* test2 */ = {
			isa = PBXNativeTarget;
			buildConfigurationList = E152723221D04D7000EC9FB4 /* Build configuration list for PBXNativeTarget "test2" */;
			buildPhases = (
				E152720621D04D6E00EC9FB4 /* Sources */,
				E152720721D04D6E00EC9FB4 /* Frameworks */,
				E152720821D04D6E00EC9FB4 /* Resources */,
			);
			buildRules = (
			);
			dependencies = (
			);
			name = test2;
			productName = test2;
			productReference = E152720A21D04D6E00EC9FB4 /* test2.app */;
			productType = "com.apple.product-type.application";
		};
		E152721D21D04D7000EC9FB4 /* test2Tests */ = {
			isa = PBXNativeTarget;
			buildConfigurationList = E152723521D04D7000EC9FB4 /* Build configuration list for PBXNativeTarget "test2Tests" */;
			buildPhases = (
				E152721A21D04D7000EC9FB4 /* Sources */,
				E152721B21D04D7000EC9FB4 /* Frameworks */,
				E152721C21D04D7000EC9FB4 /* Resources */,
			);
			buildRules = (
			);
			dependencies = (
				E152722021D04D7000EC9FB4 /* PBXTargetDependency */,
			);
			name = test2Tests;
			productName = test2Tests;
			productReference = E152721E21D04D7000EC9FB4 /* test2Tests.xctest */;
			productType = "com.apple.product-type.bundle.unit-test";
		};
		E152722821D04D7000EC9FB4 /* test2UITests */ = {
			isa = PBXNativeTarget;
			buildConfigurationList = E152723821D04D7000EC9FB4 /* Build configuration list for PBXNativeTarget "test2UITests" */;
			buildPhases = (
				E152722521D04D7000EC9FB4 /* Sources */,
				E152722621D04D7000EC9FB4 /* Frameworks */,
				E152722721D04D7000EC9FB4 /* Resources */,
			);
			buildRules = (
			);
			dependencies = (
				E152722B21D04D7000EC9FB4 /* PBXTargetDependency */,
			);
			name = test2UITests;
			productName = test2UITests;
			productReference = E152722921D04D7000EC9FB4 /* test2UITests.xctest */;
			productType = "com.apple.product-type.bundle.ui-testing";
		};
/* End PBXNativeTarget section */

/* Begin PBXProject section */
		E152720221D04D6E00EC9FB4 /* Project object */ = {
			isa = PBXProject;
			attributes = {
				LastSwiftUpdateCheck = 1010;
				LastUpgradeCheck = 1010;
				ORGANIZATIONNAME = "Rebecca Saw";
				TargetAttributes = {
					E152720921D04D6E00EC9FB4 = {
						CreatedOnToolsVersion = 10.1;
						SystemCapabilities = {
							com.apple.Maps.iOS = {
								enabled = 1;
							};
						};
					};
					E152721D21D04D7000EC9FB4 = {
						CreatedOnToolsVersion = 10.1;
						TestTargetID = E152720921D04D6E00EC9FB4;
					};
					E152722821D04D7000EC9FB4 = {
						CreatedOnToolsVersion = 10.1;
						TestTargetID = E152720921D04D6E00EC9FB4;
					};
				};
			};
			buildConfigurationList = E152720521D04D6E00EC9FB4 /* Build configuration list for PBXProject "test2" */;
			compatibilityVersion = "Xcode 9.3";
			developmentRegion = en;
			hasScannedForEncodings = 0;
			knownRegions = (
				en,
				Base,
			);
			mainGroup = E152720121D04D6E00EC9FB4;
			productRefGroup = E152720B21D04D6E00EC9FB4 /* Products */;
			projectDirPath = "";
			projectRoot = "";
			targets = (
				E152720921D04D6E00EC9FB4 /* test2 */,
				E152721D21D04D7000EC9FB4 /* test2Tests */,
				E152722821D04D7000EC9FB4 /* test2UITests */,
			);
		};
/* End PBXProject section */

/* Begin PBXResourcesBuildPhase section */
		E152720821D04D6E00EC9FB4 /* Resources */ = {
			isa = PBXResourcesBuildPhase;
			buildActionMask = 2147483647;
			files = (
				E152721821D04D7000EC9FB4 /* LaunchScreen.storyboard in Resources */,
				E152721521D04D7000EC9FB4 /* Assets.xcassets in Resources */,
				E152721321D04D6F00EC9FB4 /* Main.storyboard in Resources */,
			);
			runOnlyForDeploymentPostprocessing = 0;
		};
		E152721C21D04D7000EC9FB4 /* Resources */ = {
			isa = PBXResourcesBuildPhase;
			buildActionMask = 2147483647;
			files = (
			);
			runOnlyForDeploymentPostprocessing = 0;
		};
		E152722721D04D7000EC9FB4 /* Resources */ = {
			isa = PBXResourcesBuildPhase;
			buildActionMask = 2147483647;
			files = (
			);
			runOnlyForDeploymentPostprocessing = 0;
		};
/* End PBXResourcesBuildPhase section */

/* Begin PBXSourcesBuildPhase section */
		E152720621D04D6E00EC9FB4 /* Sources */ = {
			isa = PBXSourcesBuildPhase;
			buildActionMask = 2147483647;
			files = (
				E152721021D04D6F00EC9FB4 /* ViewController.swift in Sources */,
				E152720E21D04D6F00EC9FB4 /* AppDelegate.swift in Sources */,
			);
			runOnlyForDeploymentPostprocessing = 0;
		};
		E152721A21D04D7000EC9FB4 /* Sources */ = {
			isa = PBXSourcesBuildPhase;
			buildActionMask = 2147483647;
			files = (
				E152722321D04D7000EC9FB4 /* test2Tests.swift in Sources */,
			);
			runOnlyForDeploymentPostprocessing = 0;
		};
		E152722521D04D7000EC9FB4 /* Sources */ = {
			isa = PBXSourcesBuildPhase;
			buildActionMask = 2147483647;
			files = (
				E152722E21D04D7000EC9FB4 /* test2UITests.swift in Sources */,
			);
			runOnlyForDeploymentPostprocessing = 0;
		};
/* End PBXSourcesBuildPhase section */

/* Begin PBXTargetDependency section */
		E152722021D04D7000EC9FB4 /* PBXTargetDependency */ = {
			isa = PBXTargetDependency;
			target = E152720921D04D6E00EC9FB4 /* test2 */;
			targetProxy = E152721F21D04D7000EC9FB4 /* PBXContainerItemProxy */;
		};
		E152722B21D04D7000EC9FB4 /* PBXTargetDependency */ = {
			isa = PBXTargetDependency;
			target = E152720921D04D6E00EC9FB4 /* test2 */;
			targetProxy = E152722A21D04D7000EC9FB4 /* PBXContainerItemProxy */;
		};
/* End PBXTargetDependency section */

/* Begin PBXVariantGroup section */
		E152721121D04D6F00EC9FB4 /* Main.storyboard */ = {
			isa = PBXVariantGroup;
			children = (
				E152721221D04D6F00EC9FB4 /* Base */,
			);
			name = Main.storyboard;
			sourceTree = "<group>";
		};
		E152721621D04D7000EC9FB4 /* LaunchScreen.storyboard */ = {
			isa = PBXVariantGroup;
			children = (
				E152721721D04D7000EC9FB4 /* Base */,
			);
			name = LaunchScreen.storyboard;
			sourceTree = "<group>";
		};
/* End PBXVariantGroup section */

/* Begin XCBuildConfiguration section */
		E152723021D04D7000EC9FB4 /* Debug */ = {
			isa = XCBuildConfiguration;
			buildSettings = {
				ALWAYS_SEARCH_USER_PATHS = NO;
				CLANG_ANALYZER_NONNULL = YES;
				CLANG_ANALYZER_NUMBER_OBJECT_CONVERSION = YES_AGGRESSIVE;
				CLANG_CXX_LANGUAGE_STANDARD = "gnu++14";
				CLANG_CXX_LIBRARY = "libc++";
				CLANG_ENABLE_MODULES = YES;
				CLANG_ENABLE_OBJC_ARC = YES;
				CLANG_ENABLE_OBJC_WEAK = YES;
				CLANG_WARN_BLOCK_CAPTURE_AUTORELEASING = YES;
				CLANG_WARN_BOOL_CONVERSION = YES;
				CLANG_WARN_COMMA = YES;
				CLANG_WARN_CONSTANT_CONVERSION = YES;
				CLANG_WARN_DEPRECATED_OBJC_IMPLEMENTATIONS = YES;
				CLANG_WARN_DIRECT_OBJC_ISA_USAGE = YES_ERROR;
				CLANG_WARN_DOCUMENTATION_COMMENTS = YES;
				CLANG_WARN_EMPTY_BODY = YES;
				CLANG_WARN_ENUM_CONVERSION = YES;
				CLANG_WARN_INFINITE_RECURSION = YES;
				CLANG_WARN_INT_CONVERSION = YES;
				CLANG_WARN_NON_LITERAL_NULL_CONVERSION = YES;
				CLANG_WARN_OBJC_IMPLICIT_RETAIN_SELF = YES;
				CLANG_WARN_OBJC_LITERAL_CONVERSION = YES;
				CLANG_WARN_OBJC_ROOT_CLASS = YES_ERROR;
				CLANG_WARN_RANGE_LOOP_ANALYSIS = YES;
				CLANG_WARN_STRICT_PROTOTYPES = YES;
				CLANG_WARN_SUSPICIOUS_MOVE = YES;
				CLANG_WARN_UNGUARDED_AVAILABILITY = YES_AGGRESSIVE;
				CLANG_WARN_UNREACHABLE_CODE = YES;
				CLANG_WARN__DUPLICATE_METHOD_MATCH = YES;
				CODE_SIGN_IDENTITY = "iPhone Developer";
				COPY_PHASE_STRIP = NO;
				DEBUG_INFORMATION_FORMAT = dwarf;
				ENABLE_STRICT_OBJC_MSGSEND = YES;
				ENABLE_TESTABILITY = YES;
				GCC_C_LANGUAGE_STANDARD = gnu11;
				GCC_DYNAMIC_NO_PIC = NO;
				GCC_NO_COMMON_BLOCKS = YES;
				GCC_OPTIMIZATION_LEVEL = 0;
				GCC_PREPROCESSOR_DEFINITIONS = (
					"DEBUG=1",
					"$(inherited)",
				);
				GCC_WARN_64_TO_32_BIT_CONVERSION = YES;
				GCC_WARN_ABOUT_RETURN_TYPE = YES_ERROR;
				GCC_WARN_UNDECLARED_SELECTOR = YES;
				GCC_WARN_UNINITIALIZED_AUTOS = YES_AGGRESSIVE;
				GCC_WARN_UNUSED_FUNCTION = YES;
				GCC_WARN_UNUSED_VARIABLE = YES;
				IPHONEOS_DEPLOYMENT_TARGET = 12.1;
				MTL_ENABLE_DEBUG_INFO = INCLUDE_SOURCE;
				MTL_FAST_MATH = YES;
				ONLY_ACTIVE_ARCH = YES;
				SDKROOT = iphoneos;
				SWIFT_ACTIVE_COMPILATION_CONDITIONS = DEBUG;
				SWIFT_OPTIMIZATION_LEVEL = "-Onone";
			};
			name = Debug;
		};
		E152723121D04D7000EC9FB4 /* Release */ = {
			isa = XCBuildConfiguration;
			buildSettings = {
				ALWAYS_SEARCH_USER_PATHS = NO;
				CLANG_ANALYZER_NONNULL = YES;
				CLANG_ANALYZER_NUMBER_OBJECT_CONVERSION = YES_AGGRESSIVE;
				CLANG_CXX_LANGUAGE_STANDARD = "gnu++14";
				CLANG_CXX_LIBRARY = "libc++";
				CLANG_ENABLE_MODULES = YES;
				CLANG_ENABLE_OBJC_ARC = YES;
				CLANG_ENABLE_OBJC_WEAK = YES;
				CLANG_WARN_BLOCK_CAPTURE_AUTORELEASING = YES;
				CLANG_WARN_BOOL_CONVERSION = YES;
				CLANG_WARN_COMMA = YES;
				CLANG_WARN_CONSTANT_CONVERSION = YES;
				CLANG_WARN_DEPRECATED_OBJC_IMPLEMENTATIONS = YES;
				CLANG_WARN_DIRECT_OBJC_ISA_USAGE = YES_ERROR;
				CLANG_WARN_DOCUMENTATION_COMMENTS = YES;
				CLANG_WARN_EMPTY_BODY = YES;
				CLANG_WARN_ENUM_CONVERSION = YES;
				CLANG_WARN_INFINITE_RECURSION = YES;
				CLANG_WARN_INT_CONVERSION = YES;
				CLANG_WARN_NON_LITERAL_NULL_CONVERSION = YES;
				CLANG_WARN_OBJC_IMPLICIT_RETAIN_SELF = YES;
				CLANG_WARN_OBJC_LITERAL_CONVERSION = YES;
				CLANG_WARN_OBJC_ROOT_CLASS = YES_ERROR;
				CLANG_WARN_RANGE_LOOP_ANALYSIS = YES;
				CLANG_WARN_STRICT_PROTOTYPES = YES;
				CLANG_WARN_SUSPICIOUS_MOVE = YES;
				CLANG_WARN_UNGUARDED_AVAILABILITY = YES_AGGRESSIVE;
				CLANG_WARN_UNREACHABLE_CODE = YES;
				CLANG_WARN__DUPLICATE_METHOD_MATCH = YES;
				CODE_SIGN_IDENTITY = "iPhone Developer";
				COPY_PHASE_STRIP = NO;
				DEBUG_INFORMATION_FORMAT = "dwarf-with-dsym";
				ENABLE_NS_ASSERTIONS = NO;
				ENABLE_STRICT_OBJC_MSGSEND = YES;
				GCC_C_LANGUAGE_STANDARD = gnu11;
				GCC_NO_COMMON_BLOCKS = YES;
				GCC_WARN_64_TO_32_BIT_CONVERSION = YES;
				GCC_WARN_ABOUT_RETURN_TYPE = YES_ERROR;
				GCC_WARN_UNDECLARED_SELECTOR = YES;
				GCC_WARN_UNINITIALIZED_AUTOS = YES_AGGRESSIVE;
				GCC_WARN_UNUSED_FUNCTION = YES;
				GCC_WARN_UNUSED_VARIABLE = YES;
				IPHONEOS_DEPLOYMENT_TARGET = 12.1;
				MTL_ENABLE_DEBUG_INFO = NO;
				MTL_FAST_MATH = YES;
				SDKROOT = iphoneos;
				SWIFT_COMPILATION_MODE = wholemodule;
				SWIFT_OPTIMIZATION_LEVEL = "-O";
				VALIDATE_PRODUCT = YES;
			};
			name = Release;
		};
		E152723321D04D7000EC9FB4 /* Debug */ = {
			isa = XCBuildConfiguration;
			buildSettings = {
				ASSETCATALOG_COMPILER_APPICON_NAME = AppIcon;
				CODE_SIGN_STYLE = Automatic;
				DEVELOPMENT_TEAM = CH229FMVFV;
				INFOPLIST_FILE = test2/Info.plist;
				IPHONEOS_DEPLOYMENT_TARGET = 9.0;
				LD_RUNPATH_SEARCH_PATHS = (
					"$(inherited)",
					"@executable_path/Frameworks",
				);
				PRODUCT_BUNDLE_IDENTIFIER = urspy.test2;
				PRODUCT_NAME = "$(TARGET_NAME)";
				SWIFT_VERSION = 4.2;
				TARGETED_DEVICE_FAMILY = "1,2";
			};
			name = Debug;
		};
		E152723421D04D7000EC9FB4 /* Release */ = {
			isa = XCBuildConfiguration;
			buildSettings = {
				ASSETCATALOG_COMPILER_APPICON_NAME = AppIcon;
				CODE_SIGN_STYLE = Automatic;
				DEVELOPMENT_TEAM = CH229FMVFV;
				INFOPLIST_FILE = test2/Info.plist;
				IPHONEOS_DEPLOYMENT_TARGET = 9.0;
				LD_RUNPATH_SEARCH_PATHS = (
					"$(inherited)",
					"@executable_path/Frameworks",
				);
				PRODUCT_BUNDLE_IDENTIFIER = urspy.test2;
				PRODUCT_NAME = "$(TARGET_NAME)";
				SWIFT_VERSION = 4.2;
				TARGETED_DEVICE_FAMILY = "1,2";
			};
			name = Release;
		};
		E152723621D04D7000EC9FB4 /* Debug */ = {
			isa = XCBuildConfiguration;
			buildSettings = {
				ALWAYS_EMBED_SWIFT_STANDARD_LIBRARIES = YES;
				BUNDLE_LOADER = "$(TEST_HOST)";
				CODE_SIGN_STYLE = Automatic;
				DEVELOPMENT_TEAM = CH229FMVFV;
				INFOPLIST_FILE = test2Tests/Info.plist;
				LD_RUNPATH_SEARCH_PATHS = (
					"$(inherited)",
					"@executable_path/Frameworks",
					"@loader_path/Frameworks",
				);
				PRODUCT_BUNDLE_IDENTIFIER = urspy.test2Tests;
				PRODUCT_NAME = "$(TARGET_NAME)";
				SWIFT_VERSION = 4.2;
				TARGETED_DEVICE_FAMILY = "1,2";
				TEST_HOST = "$(BUILT_PRODUCTS_DIR)/test2.app/test2";
			};
			name = Debug;
		};
		E152723721D04D7000EC9FB4 /* Release */ = {
			isa = XCBuildConfiguration;
			buildSettings = {
				ALWAYS_EMBED_SWIFT_STANDARD_LIBRARIES = YES;
				BUNDLE_LOADER = "$(TEST_HOST)";
				CODE_SIGN_STYLE = Automatic;
				DEVELOPMENT_TEAM = CH229FMVFV;
				INFOPLIST_FILE = test2Tests/Info.plist;
				LD_RUNPATH_SEARCH_PATHS = (
					"$(inherited)",
					"@executable_path/Frameworks",
					"@loader_path/Frameworks",
				);
				PRODUCT_BUNDLE_IDENTIFIER = urspy.test2Tests;
				PRODUCT_NAME = "$(TARGET_NAME)";
				SWIFT_VERSION = 4.2;
				TARGETED_DEVICE_FAMILY = "1,2";
				TEST_HOST = "$(BUILT_PRODUCTS_DIR)/test2.app/test2";
			};
			name = Release;
		};
		E152723921D04D7000EC9FB4 /* Debug */ = {
			isa = XCBuildConfiguration;
			buildSettings = {
				ALWAYS_EMBED_SWIFT_STANDARD_LIBRARIES = YES;
				CODE_SIGN_STYLE = Automatic;
				DEVELOPMENT_TEAM = CH229FMVFV;
				INFOPLIST_FILE = test2UITests/Info.plist;
				LD_RUNPATH_SEARCH_PATHS = (
					"$(inherited)",
					"@executable_path/Frameworks",
					"@loader_path/Frameworks",
				);
				PRODUCT_BUNDLE_IDENTIFIER = urspy.test2UITests;
				PRODUCT_NAME = "$(TARGET_NAME)";
				SWIFT_VERSION = 4.2;
				TARGETED_DEVICE_FAMILY = "1,2";
				TEST_TARGET_NAME = test2;
			};
			name = Debug;
		};
		E152723A21D04D7000EC9FB4 /* Release */ = {
			isa = XCBuildConfiguration;
			buildSettings = {
				ALWAYS_EMBED_SWIFT_STANDARD_LIBRARIES = YES;
				CODE_SIGN_STYLE = Automatic;
				DEVELOPMENT_TEAM = CH229FMVFV;
				INFOPLIST_FILE = test2UITests/Info.plist;
				LD_RUNPATH_SEARCH_PATHS = (
					"$(inherited)",
					"@executable_path/Frameworks",
					"@loader_path/Frameworks",
				);
				PRODUCT_BUNDLE_IDENTIFIER = urspy.test2UITests;
				PRODUCT_NAME = "$(TARGET_NAME)";
				SWIFT_VERSION = 4.2;
				TARGETED_DEVICE_FAMILY = "1,2";
				TEST_TARGET_NAME = test2;
			};
			name = Release;
		};
/* End XCBuildConfiguration section */

/* Begin XCConfigurationList section */
		E152720521D04D6E00EC9FB4 /* Build configuration list for PBXProject "test2" */ = {
			isa = XCConfigurationList;
			buildConfigurations = (
				E152723021D04D7000EC9FB4 /* Debug */,
				E152723121D04D7000EC9FB4 /* Release */,
			);
			defaultConfigurationIsVisible = 0;
			defaultConfigurationName = Release;
		};
		E152723221D04D7000EC9FB4 /* Build configuration list for PBXNativeTarget "test2" */ = {
			isa = XCConfigurationList;
			buildConfigurations = (
				E152723321D04D7000EC9FB4 /* Debug */,
				E152723421D04D7000EC9FB4 /* Release */,
			);
			defaultConfigurationIsVisible = 0;
			defaultConfigurationName = Release;
		};
		E152723521D04D7000EC9FB4 /* Build configuration list for PBXNativeTarget "test2Tests" */ = {
			isa = XCConfigurationList;
			buildConfigurations = (
				E152723621D04D7000EC9FB4 /* Debug */,
				E152723721D04D7000EC9FB4 /* Release */,
			);
			defaultConfigurationIsVisible = 0;
			defaultConfigurationName = Release;
		};
		E152723821D04D7000EC9FB4 /* Build configuration list for PBXNativeTarget "test2UITests" */ = {
			isa = XCConfigurationList;
			buildConfigurations = (
				E152723921D04D7000EC9FB4 /* Debug */,
				E152723A21D04D7000EC9FB4 /* Release */,
			);
			defaultConfigurationIsVisible = 0;
			defaultConfigurationName = Release;
		};
/* End XCConfigurationList section */
	};
	rootObject = E152720221D04D6E00EC9FB4 /* Project object */;
}
